PODS:
  - Flutter (1.0.0)
  - flutter_vpn (0.1.0):
    - Flutter

DEPENDENCIES:
  - Flutter (from `Flutter`)
  - flutter_vpn (from `.symlinks/plugins/flutter_vpn/ios`)

EXTERNAL SOURCES:
  Flutter:
    :path: Flutter
  flutter_vpn:
    :path: ".symlinks/plugins/flutter_vpn/ios"

SPEC CHECKSUMS:
  Flutter: 434fef37c0980e73bb6479ef766c45957d4b510c
  flutter_vpn: a19ae227ed35745bec45b20c8c0614249945eec8

PODFILE CHECKSUM: a75497545d4391e2d394c3668e20cfb1c2bbd4aa

COCOAPODS: 1.10.0
